
Microsoft Visual Studio Solution File, Format Version 12.00
# Visual Studio Version 16
VisualStudioVersion = 16.0.29306.81
MinimumVisualStudioVersion = 10.0.40219.1
Project("{FAE04EC0-301F-11D3-BF4B-00C04F79EFBC}") = "Task1", "Task1\Task1.csproj", "{424BF1A6-95E8-4D3C-8438-D598696F72EA}"
EndProject
Project("{FAE04EC0-301F-11D3-BF4B-00C04F79EFBC}") = "Task2", "Task2\Task2.csproj", "{C9CEAE41-3EFF-4843-8A7F-692B69983C5C}"
EndProject
Global
	GlobalSection(SolutionConfigurationPlatforms) = preSolution
		Debug|Any CPU = Debug|Any CPU
		Release|Any CPU = Release|Any CPU
	EndGlobalSection
	GlobalSection(ProjectConfigurationPlatforms) = postSolution
		{424BF1A6-95E8-4D3C-8438-D598696F72EA}.Debug|Any CPU.ActiveCfg = Debug|Any CPU
		{424BF1A6-95E8-4D3C-8438-D598696F72EA}.Debug|Any CPU.Build.0 = Debug|Any CPU
		{424BF1A6-95E8-4D3C-8438-D598696F72EA}.Release|Any CPU.ActiveCfg = Release|Any CPU
		{424BF1A6-95E8-4D3C-8438-D598696F72EA}.Release|Any CPU.Build.0 = Release|Any CPU
		{C9CEAE41-3EFF-4843-8A7F-692B69983C5C}.Debug|Any CPU.ActiveCfg = Debug|Any CPU
		{C9CEAE41-3EFF-4843-8A7F-692B69983C5C}.Debug|Any CPU.Build.0 = Debug|Any CPU
		{C9CEAE41-3EFF-4843-8A7F-692B69983C5C}.Release|Any CPU.ActiveCfg = Release|Any CPU
		{C9CEAE41-3EFF-4843-8A7F-692B69983C5C}.Release|Any CPU.Build.0 = Release|Any CPU
	EndGlobalSection
	GlobalSection(SolutionProperties) = preSolution
		HideSolutionNode = FALSE
	EndGlobalSection
	GlobalSection(ExtensibilityGlobals) = postSolution
		SolutionGuid = {9754E5C5-32BB-4EA4-8304-CAEE2209F591}
	EndGlobalSection
EndGlobal
