
Microsoft Visual Studio Solution File, Format Version 12.00
# Visual Studio Version 16
VisualStudioVersion = 16.0.29306.81
MinimumVisualStudioVersion = 10.0.40219.1
Project("{9A19103F-16F7-4668-BE54-9A1E7A4F7556}") = "hm_04_Task1", "hm_04_Task1\hm_04_Task1.csproj", "{C17A85E6-FD0A-4935-B260-BBF42603F6BF}"
EndProject
Project("{9A19103F-16F7-4668-BE54-9A1E7A4F7556}") = "HW_03_Task1", "HW_03_Task1\HW_03_Task1.csproj", "{294BC7D8-5B66-4BE2-B259-452FFF20FCFA}"
EndProject
Project("{9A19103F-16F7-4668-BE54-9A1E7A4F7556}") = "hm_04_Task2", "hm_04_Task2\hm_04_Task2.csproj", "{727E03D3-270E-4385-9EA5-12CBD32374F9}"
EndProject
Project("{9A19103F-16F7-4668-BE54-9A1E7A4F7556}") = "HW_03_Task2", "HW_03_Task2\HW_03_Task2.csproj", "{1189181B-4EB3-442E-B021-A91AC656F5AE}"
EndProject
Project("{9A19103F-16F7-4668-BE54-9A1E7A4F7556}") = "hm_04_Task3", "hm_04_Task3\hm_04_Task3.csproj", "{A4C29DF2-3BF1-498A-9DB9-6E2E7C085B1E}"
EndProject
Project("{9A19103F-16F7-4668-BE54-9A1E7A4F7556}") = "HW_03_Task3", "HW_03_Task3\HW_03_Task3.csproj", "{302712AB-CCD4-4D34-B606-4E1DC19E0805}"
EndProject
Project("{9A19103F-16F7-4668-BE54-9A1E7A4F7556}") = "hm_04_for_letters_count", "hm_04_for_letters_count\hm_04_for_letters_count.csproj", "{248D434D-23D5-4DFC-9936-05630E418039}"
EndProject
Project("{9A19103F-16F7-4668-BE54-9A1E7A4F7556}") = "HW_03_Task4", "HW_03_Task4\HW_03_Task4.csproj", "{5C330ABB-73BC-47CE-844D-4599A99FC7BB}"
EndProject
Project("{2150E333-8FDC-42A3-9474-1A3956D46DE8}") = "hm_04", "hm_04", "{0DD6637F-AF2A-410B-8B3D-1D15ED8E814A}"
EndProject
Project("{2150E333-8FDC-42A3-9474-1A3956D46DE8}") = "hm_03", "hm_03", "{64B58FFF-5DB8-4D9C-B5D7-735400F5A045}"
EndProject
Project("{2150E333-8FDC-42A3-9474-1A3956D46DE8}") = "hm_05", "hm_05", "{0999E161-4755-448C-B0FB-A9503A9806A5}"
EndProject
Project("{9A19103F-16F7-4668-BE54-9A1E7A4F7556}") = "hm_05_Task1", "hm_05_Task1\hm_05_Task1.csproj", "{FC1E39F2-9487-416B-B95D-0E73203C550F}"
EndProject
Project("{9A19103F-16F7-4668-BE54-9A1E7A4F7556}") = "hm_05_Task2", "hm_05_Task2\hm_05_Task2.csproj", "{DE9A77E6-4E67-47B8-A74C-57990D8AB81F}"
EndProject
Project("{9A19103F-16F7-4668-BE54-9A1E7A4F7556}") = "hm_05_Task3", "hm_05_Task3\hm_05_Task3.csproj", "{97513F1E-E12C-479B-9FF9-20E6C6448B2D}"
EndProject
Project("{9A19103F-16F7-4668-BE54-9A1E7A4F7556}") = "hm_05_Task_Optional", "hm_05_Task_Optional\hm_05_Task_Optional.csproj", "{E21A507D-FD48-4DE5-A382-47D6E11405C6}"
EndProject
Project("{2150E333-8FDC-42A3-9474-1A3956D46DE8}") = "hm_06", "hm_06", "{8FDD67B5-FF82-41B6-B859-CC1EF11A011B}"
EndProject
Project("{9A19103F-16F7-4668-BE54-9A1E7A4F7556}") = "hm_06_Task1", "hm_06_Task1\hm_06_Task1.csproj", "{69FAE15D-1D22-4534-B449-61609B97AB74}"
EndProject
Project("{9A19103F-16F7-4668-BE54-9A1E7A4F7556}") = "hm_06_Task2", "hm_06_Task2\hm_06_Task2.csproj", "{1FFA283C-E5A8-46FD-8A0B-C8AF2DE3F6EF}"
EndProject
Project("{9A19103F-16F7-4668-BE54-9A1E7A4F7556}") = "hm_06_Task3_Optional", "hm_06_Task3_Optional\hm_06_Task3_Optional.csproj", "{41471E8B-CA0D-4700-B190-1B6B691AA5E8}"
EndProject
Project("{FAE04EC0-301F-11D3-BF4B-00C04F79EFBC}") = "hm_09_task1", "hm_09_task1\hm_09_task1.csproj", "{0D7F3A11-759C-4579-903C-4666F1D1D644}"
EndProject
Project("{9A19103F-16F7-4668-BE54-9A1E7A4F7556}") = "hm_08", "hm_08\hm_08.csproj", "{4F3EFB74-2397-4EC8-9BF2-DA3DECD1957A}"
EndProject
Project("{2150E333-8FDC-42A3-9474-1A3956D46DE8}") = "hm_07", "hm_07", "{B7D3E77E-AC2B-4795-B6D9-0B8D71682B5F}"
EndProject
Project("{9A19103F-16F7-4668-BE54-9A1E7A4F7556}") = "AssemblyOne", "AssemblyOne\AssemblyOne.csproj", "{007C0A57-872B-487F-A361-BFF7BDD83ECF}"
EndProject
Project("{FAE04EC0-301F-11D3-BF4B-00C04F79EFBC}") = "AssemblyTwo", "AssemblyTwo\AssemblyTwo.csproj", "{8D08ACA2-8196-4C5A-92C7-CB95090653C4}"
EndProject
Project("{9A19103F-16F7-4668-BE54-9A1E7A4F7556}") = "MyReverseFromHM_05", "MyReverseFromHM_05\MyReverseFromHM_05.csproj", "{7DDF3DB2-31D9-4A14-9FC7-71124DE861BF}"
EndProject
Project("{2150E333-8FDC-42A3-9474-1A3956D46DE8}") = "hm_02", "hm_02", "{54F912D2-A6C4-4416-BD71-C96A777639FD}"
EndProject
Project("{2150E333-8FDC-42A3-9474-1A3956D46DE8}") = "hm_01", "hm_01", "{8BC3704F-E4DD-483B-B74E-72B70429D323}"
	ProjectSection(SolutionItems) = preProject
		hm_01_block diagram.pdf = hm_01_block diagram.pdf
		hm_01_verbal descpription of the algorithm.pdf = hm_01_verbal descpription of the algorithm.pdf
	EndProjectSection
EndProject
Project("{9A19103F-16F7-4668-BE54-9A1E7A4F7556}") = "hm_02_Task1", "hm_02_Task1\hm_02_Task1.csproj", "{2FD120FF-5949-4AF2-A53D-B8C6107BE1D1}"
EndProject
Project("{9A19103F-16F7-4668-BE54-9A1E7A4F7556}") = "hm_02_Task2", "hm_02_Task2\hm_02_Task2.csproj", "{DF3DE42B-581F-4346-AF8C-05FA20258290}"
EndProject
Global
	GlobalSection(SolutionConfigurationPlatforms) = preSolution
		Debug|Any CPU = Debug|Any CPU
		Release|Any CPU = Release|Any CPU
	EndGlobalSection
	GlobalSection(ProjectConfigurationPlatforms) = postSolution
		{C17A85E6-FD0A-4935-B260-BBF42603F6BF}.Debug|Any CPU.ActiveCfg = Debug|Any CPU
		{C17A85E6-FD0A-4935-B260-BBF42603F6BF}.Debug|Any CPU.Build.0 = Debug|Any CPU
		{C17A85E6-FD0A-4935-B260-BBF42603F6BF}.Release|Any CPU.ActiveCfg = Release|Any CPU
		{C17A85E6-FD0A-4935-B260-BBF42603F6BF}.Release|Any CPU.Build.0 = Release|Any CPU
		{294BC7D8-5B66-4BE2-B259-452FFF20FCFA}.Debug|Any CPU.ActiveCfg = Debug|Any CPU
		{294BC7D8-5B66-4BE2-B259-452FFF20FCFA}.Debug|Any CPU.Build.0 = Debug|Any CPU
		{294BC7D8-5B66-4BE2-B259-452FFF20FCFA}.Release|Any CPU.ActiveCfg = Release|Any CPU
		{294BC7D8-5B66-4BE2-B259-452FFF20FCFA}.Release|Any CPU.Build.0 = Release|Any CPU
		{727E03D3-270E-4385-9EA5-12CBD32374F9}.Debug|Any CPU.ActiveCfg = Debug|Any CPU
		{727E03D3-270E-4385-9EA5-12CBD32374F9}.Debug|Any CPU.Build.0 = Debug|Any CPU
		{727E03D3-270E-4385-9EA5-12CBD32374F9}.Release|Any CPU.ActiveCfg = Release|Any CPU
		{727E03D3-270E-4385-9EA5-12CBD32374F9}.Release|Any CPU.Build.0 = Release|Any CPU
		{1189181B-4EB3-442E-B021-A91AC656F5AE}.Debug|Any CPU.ActiveCfg = Debug|Any CPU
		{1189181B-4EB3-442E-B021-A91AC656F5AE}.Debug|Any CPU.Build.0 = Debug|Any CPU
		{1189181B-4EB3-442E-B021-A91AC656F5AE}.Release|Any CPU.ActiveCfg = Release|Any CPU
		{1189181B-4EB3-442E-B021-A91AC656F5AE}.Release|Any CPU.Build.0 = Release|Any CPU
		{A4C29DF2-3BF1-498A-9DB9-6E2E7C085B1E}.Debug|Any CPU.ActiveCfg = Debug|Any CPU
		{A4C29DF2-3BF1-498A-9DB9-6E2E7C085B1E}.Debug|Any CPU.Build.0 = Debug|Any CPU
		{A4C29DF2-3BF1-498A-9DB9-6E2E7C085B1E}.Release|Any CPU.ActiveCfg = Release|Any CPU
		{A4C29DF2-3BF1-498A-9DB9-6E2E7C085B1E}.Release|Any CPU.Build.0 = Release|Any CPU
		{302712AB-CCD4-4D34-B606-4E1DC19E0805}.Debug|Any CPU.ActiveCfg = Debug|Any CPU
		{302712AB-CCD4-4D34-B606-4E1DC19E0805}.Debug|Any CPU.Build.0 = Debug|Any CPU
		{302712AB-CCD4-4D34-B606-4E1DC19E0805}.Release|Any CPU.ActiveCfg = Release|Any CPU
		{302712AB-CCD4-4D34-B606-4E1DC19E0805}.Release|Any CPU.Build.0 = Release|Any CPU
		{248D434D-23D5-4DFC-9936-05630E418039}.Debug|Any CPU.ActiveCfg = Debug|Any CPU
		{248D434D-23D5-4DFC-9936-05630E418039}.Debug|Any CPU.Build.0 = Debug|Any CPU
		{248D434D-23D5-4DFC-9936-05630E418039}.Release|Any CPU.ActiveCfg = Release|Any CPU
		{248D434D-23D5-4DFC-9936-05630E418039}.Release|Any CPU.Build.0 = Release|Any CPU
		{5C330ABB-73BC-47CE-844D-4599A99FC7BB}.Debug|Any CPU.ActiveCfg = Debug|Any CPU
		{5C330ABB-73BC-47CE-844D-4599A99FC7BB}.Debug|Any CPU.Build.0 = Debug|Any CPU
		{5C330ABB-73BC-47CE-844D-4599A99FC7BB}.Release|Any CPU.ActiveCfg = Release|Any CPU
		{5C330ABB-73BC-47CE-844D-4599A99FC7BB}.Release|Any CPU.Build.0 = Release|Any CPU
		{FC1E39F2-9487-416B-B95D-0E73203C550F}.Debug|Any CPU.ActiveCfg = Debug|Any CPU
		{FC1E39F2-9487-416B-B95D-0E73203C550F}.Debug|Any CPU.Build.0 = Debug|Any CPU
		{FC1E39F2-9487-416B-B95D-0E73203C550F}.Release|Any CPU.ActiveCfg = Release|Any CPU
		{FC1E39F2-9487-416B-B95D-0E73203C550F}.Release|Any CPU.Build.0 = Release|Any CPU
		{DE9A77E6-4E67-47B8-A74C-57990D8AB81F}.Debug|Any CPU.ActiveCfg = Debug|Any CPU
		{DE9A77E6-4E67-47B8-A74C-57990D8AB81F}.Debug|Any CPU.Build.0 = Debug|Any CPU
		{DE9A77E6-4E67-47B8-A74C-57990D8AB81F}.Release|Any CPU.ActiveCfg = Release|Any CPU
		{DE9A77E6-4E67-47B8-A74C-57990D8AB81F}.Release|Any CPU.Build.0 = Release|Any CPU
		{97513F1E-E12C-479B-9FF9-20E6C6448B2D}.Debug|Any CPU.ActiveCfg = Debug|Any CPU
		{97513F1E-E12C-479B-9FF9-20E6C6448B2D}.Debug|Any CPU.Build.0 = Debug|Any CPU
		{97513F1E-E12C-479B-9FF9-20E6C6448B2D}.Release|Any CPU.ActiveCfg = Release|Any CPU
		{97513F1E-E12C-479B-9FF9-20E6C6448B2D}.Release|Any CPU.Build.0 = Release|Any CPU
		{E21A507D-FD48-4DE5-A382-47D6E11405C6}.Debug|Any CPU.ActiveCfg = Debug|Any CPU
		{E21A507D-FD48-4DE5-A382-47D6E11405C6}.Debug|Any CPU.Build.0 = Debug|Any CPU
		{E21A507D-FD48-4DE5-A382-47D6E11405C6}.Release|Any CPU.ActiveCfg = Release|Any CPU
		{E21A507D-FD48-4DE5-A382-47D6E11405C6}.Release|Any CPU.Build.0 = Release|Any CPU
		{69FAE15D-1D22-4534-B449-61609B97AB74}.Debug|Any CPU.ActiveCfg = Debug|Any CPU
		{69FAE15D-1D22-4534-B449-61609B97AB74}.Debug|Any CPU.Build.0 = Debug|Any CPU
		{69FAE15D-1D22-4534-B449-61609B97AB74}.Release|Any CPU.ActiveCfg = Release|Any CPU
		{69FAE15D-1D22-4534-B449-61609B97AB74}.Release|Any CPU.Build.0 = Release|Any CPU
		{1FFA283C-E5A8-46FD-8A0B-C8AF2DE3F6EF}.Debug|Any CPU.ActiveCfg = Debug|Any CPU
		{1FFA283C-E5A8-46FD-8A0B-C8AF2DE3F6EF}.Debug|Any CPU.Build.0 = Debug|Any CPU
		{1FFA283C-E5A8-46FD-8A0B-C8AF2DE3F6EF}.Release|Any CPU.ActiveCfg = Release|Any CPU
		{1FFA283C-E5A8-46FD-8A0B-C8AF2DE3F6EF}.Release|Any CPU.Build.0 = Release|Any CPU
		{41471E8B-CA0D-4700-B190-1B6B691AA5E8}.Debug|Any CPU.ActiveCfg = Debug|Any CPU
		{41471E8B-CA0D-4700-B190-1B6B691AA5E8}.Debug|Any CPU.Build.0 = Debug|Any CPU
		{41471E8B-CA0D-4700-B190-1B6B691AA5E8}.Release|Any CPU.ActiveCfg = Release|Any CPU
		{41471E8B-CA0D-4700-B190-1B6B691AA5E8}.Release|Any CPU.Build.0 = Release|Any CPU
		{0D7F3A11-759C-4579-903C-4666F1D1D644}.Debug|Any CPU.ActiveCfg = Debug|Any CPU
		{0D7F3A11-759C-4579-903C-4666F1D1D644}.Debug|Any CPU.Build.0 = Debug|Any CPU
		{0D7F3A11-759C-4579-903C-4666F1D1D644}.Release|Any CPU.ActiveCfg = Release|Any CPU
		{0D7F3A11-759C-4579-903C-4666F1D1D644}.Release|Any CPU.Build.0 = Release|Any CPU
		{4F3EFB74-2397-4EC8-9BF2-DA3DECD1957A}.Debug|Any CPU.ActiveCfg = Debug|Any CPU
		{4F3EFB74-2397-4EC8-9BF2-DA3DECD1957A}.Debug|Any CPU.Build.0 = Debug|Any CPU
		{4F3EFB74-2397-4EC8-9BF2-DA3DECD1957A}.Release|Any CPU.ActiveCfg = Release|Any CPU
		{4F3EFB74-2397-4EC8-9BF2-DA3DECD1957A}.Release|Any CPU.Build.0 = Release|Any CPU
		{007C0A57-872B-487F-A361-BFF7BDD83ECF}.Debug|Any CPU.ActiveCfg = Debug|Any CPU
		{007C0A57-872B-487F-A361-BFF7BDD83ECF}.Debug|Any CPU.Build.0 = Debug|Any CPU
		{007C0A57-872B-487F-A361-BFF7BDD83ECF}.Release|Any CPU.ActiveCfg = Release|Any CPU
		{007C0A57-872B-487F-A361-BFF7BDD83ECF}.Release|Any CPU.Build.0 = Release|Any CPU
		{8D08ACA2-8196-4C5A-92C7-CB95090653C4}.Debug|Any CPU.ActiveCfg = Debug|Any CPU
		{8D08ACA2-8196-4C5A-92C7-CB95090653C4}.Debug|Any CPU.Build.0 = Debug|Any CPU
		{8D08ACA2-8196-4C5A-92C7-CB95090653C4}.Release|Any CPU.ActiveCfg = Release|Any CPU
		{8D08ACA2-8196-4C5A-92C7-CB95090653C4}.Release|Any CPU.Build.0 = Release|Any CPU
		{7DDF3DB2-31D9-4A14-9FC7-71124DE861BF}.Debug|Any CPU.ActiveCfg = Debug|Any CPU
		{7DDF3DB2-31D9-4A14-9FC7-71124DE861BF}.Debug|Any CPU.Build.0 = Debug|Any CPU
		{7DDF3DB2-31D9-4A14-9FC7-71124DE861BF}.Release|Any CPU.ActiveCfg = Release|Any CPU
		{7DDF3DB2-31D9-4A14-9FC7-71124DE861BF}.Release|Any CPU.Build.0 = Release|Any CPU
		{2FD120FF-5949-4AF2-A53D-B8C6107BE1D1}.Debug|Any CPU.ActiveCfg = Debug|Any CPU
		{2FD120FF-5949-4AF2-A53D-B8C6107BE1D1}.Debug|Any CPU.Build.0 = Debug|Any CPU
		{2FD120FF-5949-4AF2-A53D-B8C6107BE1D1}.Release|Any CPU.ActiveCfg = Release|Any CPU
		{2FD120FF-5949-4AF2-A53D-B8C6107BE1D1}.Release|Any CPU.Build.0 = Release|Any CPU
		{DF3DE42B-581F-4346-AF8C-05FA20258290}.Debug|Any CPU.ActiveCfg = Debug|Any CPU
		{DF3DE42B-581F-4346-AF8C-05FA20258290}.Debug|Any CPU.Build.0 = Debug|Any CPU
		{DF3DE42B-581F-4346-AF8C-05FA20258290}.Release|Any CPU.ActiveCfg = Release|Any CPU
		{DF3DE42B-581F-4346-AF8C-05FA20258290}.Release|Any CPU.Build.0 = Release|Any CPU
	EndGlobalSection
	GlobalSection(SolutionProperties) = preSolution
		HideSolutionNode = FALSE
	EndGlobalSection
	GlobalSection(NestedProjects) = preSolution
		{C17A85E6-FD0A-4935-B260-BBF42603F6BF} = {0DD6637F-AF2A-410B-8B3D-1D15ED8E814A}
		{294BC7D8-5B66-4BE2-B259-452FFF20FCFA} = {64B58FFF-5DB8-4D9C-B5D7-735400F5A045}
		{727E03D3-270E-4385-9EA5-12CBD32374F9} = {0DD6637F-AF2A-410B-8B3D-1D15ED8E814A}
		{1189181B-4EB3-442E-B021-A91AC656F5AE} = {64B58FFF-5DB8-4D9C-B5D7-735400F5A045}
		{A4C29DF2-3BF1-498A-9DB9-6E2E7C085B1E} = {0DD6637F-AF2A-410B-8B3D-1D15ED8E814A}
		{302712AB-CCD4-4D34-B606-4E1DC19E0805} = {64B58FFF-5DB8-4D9C-B5D7-735400F5A045}
		{248D434D-23D5-4DFC-9936-05630E418039} = {0DD6637F-AF2A-410B-8B3D-1D15ED8E814A}
		{5C330ABB-73BC-47CE-844D-4599A99FC7BB} = {64B58FFF-5DB8-4D9C-B5D7-735400F5A045}
		{FC1E39F2-9487-416B-B95D-0E73203C550F} = {0999E161-4755-448C-B0FB-A9503A9806A5}
		{DE9A77E6-4E67-47B8-A74C-57990D8AB81F} = {0999E161-4755-448C-B0FB-A9503A9806A5}
		{97513F1E-E12C-479B-9FF9-20E6C6448B2D} = {0999E161-4755-448C-B0FB-A9503A9806A5}
		{E21A507D-FD48-4DE5-A382-47D6E11405C6} = {0999E161-4755-448C-B0FB-A9503A9806A5}
		{69FAE15D-1D22-4534-B449-61609B97AB74} = {8FDD67B5-FF82-41B6-B859-CC1EF11A011B}
		{1FFA283C-E5A8-46FD-8A0B-C8AF2DE3F6EF} = {8FDD67B5-FF82-41B6-B859-CC1EF11A011B}
		{41471E8B-CA0D-4700-B190-1B6B691AA5E8} = {8FDD67B5-FF82-41B6-B859-CC1EF11A011B}
		{007C0A57-872B-487F-A361-BFF7BDD83ECF} = {B7D3E77E-AC2B-4795-B6D9-0B8D71682B5F}
		{8D08ACA2-8196-4C5A-92C7-CB95090653C4} = {B7D3E77E-AC2B-4795-B6D9-0B8D71682B5F}
		{7DDF3DB2-31D9-4A14-9FC7-71124DE861BF} = {B7D3E77E-AC2B-4795-B6D9-0B8D71682B5F}
		{2FD120FF-5949-4AF2-A53D-B8C6107BE1D1} = {54F912D2-A6C4-4416-BD71-C96A777639FD}
		{DF3DE42B-581F-4346-AF8C-05FA20258290} = {54F912D2-A6C4-4416-BD71-C96A777639FD}
	EndGlobalSection
	GlobalSection(ExtensibilityGlobals) = postSolution
		SolutionGuid = {9754E5C5-32BB-4EA4-8304-CAEE2209F591}
	EndGlobalSection
EndGlobal
